// !$*UTF8*$!
{
	archiveVersion = 1;
	classes = {
	};
	objectVersion = 55;
	objects = {

/* Begin PBXBuildFile section */
		363054352718334900526CC1 /* GoogleService-Info.plist in Resources */ = {isa = PBXBuildFile; fileRef = 363054342718334900526CC1 /* GoogleService-Info.plist */; };
		367F2E6C27182D490031F1CB /* AppDelegate.swift in Sources */ = {isa = PBXBuildFile; fileRef = 367F2E6B27182D490031F1CB /* AppDelegate.swift */; };
		367F2E6E27182D490031F1CB /* SceneDelegate.swift in Sources */ = {isa = PBXBuildFile; fileRef = 367F2E6D27182D490031F1CB /* SceneDelegate.swift */; };
		367F2E7027182D490031F1CB /* ViewController.swift in Sources */ = {isa = PBXBuildFile; fileRef = 367F2E6F27182D490031F1CB /* ViewController.swift */; };
		367F2E7327182D490031F1CB /* Main.storyboard in Resources */ = {isa = PBXBuildFile; fileRef = 367F2E7127182D490031F1CB /* Main.storyboard */; };
		367F2E7527182D4A0031F1CB /* Assets.xcassets in Resources */ = {isa = PBXBuildFile; fileRef = 367F2E7427182D4A0031F1CB /* Assets.xcassets */; };
		367F2E7827182D4A0031F1CB /* LaunchScreen.storyboard in Resources */ = {isa = PBXBuildFile; fileRef = 367F2E7627182D4A0031F1CB /* LaunchScreen.storyboard */; };
		36F33370271845A3003675CE /* APIManager.swift in Sources */ = {isa = PBXBuildFile; fileRef = 36F3336F271845A3003675CE /* APIManager.swift */; };
		36F33372271846EA003675CE /* Document.swift in Sources */ = {isa = PBXBuildFile; fileRef = 36F33371271846EA003675CE /* Document.swift */; };
		7282A21E20199A60E9F98D9F /* Pods_firebaseTesting.framework in Frameworks */ = {isa = PBXBuildFile; fileRef = BB839E77135CE3901B394C28 /* Pods_firebaseTesting.framework */; };
/* End PBXBuildFile section */

/* Begin PBXFileReference section */
		0220E4659EB3CB4430096E3C /* Pods-firebaseTesting.release.xcconfig */ = {isa = PBXFileReference; includeInIndex = 1; lastKnownFileType = text.xcconfig; name = "Pods-firebaseTesting.release.xcconfig"; path = "Target Support Files/Pods-firebaseTesting/Pods-firebaseTesting.release.xcconfig"; sourceTree = "<group>"; };
		363054342718334900526CC1 /* GoogleService-Info.plist */ = {isa = PBXFileReference; lastKnownFileType = text.plist; name = "GoogleService-Info.plist"; path = "../../../../Downloads/GoogleService-Info.plist"; sourceTree = "<group>"; };
		367F2E6827182D490031F1CB /* firebaseTesting.app */ = {isa = PBXFileReference; explicitFileType = wrapper.application; includeInIndex = 0; path = firebaseTesting.app; sourceTree = BUILT_PRODUCTS_DIR; };
		367F2E6B27182D490031F1CB /* AppDelegate.swift */ = {isa = PBXFileReference; lastKnownFileType = sourcecode.swift; path = AppDelegate.swift; sourceTree = "<group>"; };
		367F2E6D27182D490031F1CB /* SceneDelegate.swift */ = {isa = PBXFileReference; lastKnownFileType = sourcecode.swift; path = SceneDelegate.swift; sourceTree = "<group>"; };
		367F2E6F27182D490031F1CB /* ViewController.swift */ = {isa = PBXFileReference; lastKnownFileType = sourcecode.swift; path = ViewController.swift; sourceTree = "<group>"; };
		367F2E7227182D490031F1CB /* Base */ = {isa = PBXFileReference; lastKnownFileType = file.storyboard; name = Base; path = Base.lproj/Main.storyboard; sourceTree = "<group>"; };
		367F2E7427182D4A0031F1CB /* Assets.xcassets */ = {isa = PBXFileReference; lastKnownFileType = folder.assetcatalog; path = Assets.xcassets; sourceTree = "<group>"; };
		367F2E7727182D4A0031F1CB /* Base */ = {isa = PBXFileReference; lastKnownFileType = file.storyboard; name = Base; path = Base.lproj/LaunchScreen.storyboard; sourceTree = "<group>"; };
		367F2E7927182D4A0031F1CB /* Info.plist */ = {isa = PBXFileReference; lastKnownFileType = text.plist.xml; path = Info.plist; sourceTree = "<group>"; };
		36F3336F271845A3003675CE /* APIManager.swift */ = {isa = PBXFileReference; lastKnownFileType = sourcecode.swift; path = APIManager.swift; sourceTree = "<group>"; };
		36F33371271846EA003675CE /* Document.swift */ = {isa = PBXFileReference; lastKnownFileType = sourcecode.swift; path = Document.swift; sourceTree = "<group>"; };
		B3C91F9F6957434F87CB8C98 /* Pods-firebaseTesting.debug.xcconfig */ = {isa = PBXFileReference; includeInIndex = 1; lastKnownFileType = text.xcconfig; name = "Pods-firebaseTesting.debug.xcconfig"; path = "Target Support Files/Pods-firebaseTesting/Pods-firebaseTesting.debug.xcconfig"; sourceTree = "<group>"; };
		BB839E77135CE3901B394C28 /* Pods_firebaseTesting.framework */ = {isa = PBXFileReference; explicitFileType = wrapper.framework; includeInIndex = 0; path = Pods_firebaseTesting.framework; sourceTree = BUILT_PRODUCTS_DIR; };
/* End PBXFileReference section */

/* Begin PBXFrameworksBuildPhase section */
		367F2E6527182D490031F1CB /* Frameworks */ = {
			isa = PBXFrameworksBuildPhase;
			buildActionMask = 2147483647;
			files = (
				7282A21E20199A60E9F98D9F /* Pods_firebaseTesting.framework in Frameworks */,
			);
			runOnlyForDeploymentPostprocessing = 0;
		};
/* End PBXFrameworksBuildPhase section */

/* Begin PBXGroup section */
		367F2E5F27182D480031F1CB = {
			isa = PBXGroup;
			children = (
				367F2E6A27182D490031F1CB /* firebaseTesting */,
				367F2E6927182D490031F1CB /* Products */,
				B1492D9943496B656D45E583 /* Pods */,
				76F75BB8065F07B6D6535D63 /* Frameworks */,
			);
			sourceTree = "<group>";
		};
		367F2E6927182D490031F1CB /* Products */ = {
			isa = PBXGroup;
			children = (
				367F2E6827182D490031F1CB /* firebaseTesting.app */,
			);
			name = Products;
			sourceTree = "<group>";
		};
		367F2E6A27182D490031F1CB /* firebaseTesting */ = {
			isa = PBXGroup;
			children = (
				367F2E6B27182D490031F1CB /* AppDelegate.swift */,
				367F2E6D27182D490031F1CB /* SceneDelegate.swift */,
				367F2E6F27182D490031F1CB /* ViewController.swift */,
				36F3336F271845A3003675CE /* APIManager.swift */,
				36F33371271846EA003675CE /* Document.swift */,
				367F2E7127182D490031F1CB /* Main.storyboard */,
				367F2E7427182D4A0031F1CB /* Assets.xcassets */,
				367F2E7627182D4A0031F1CB /* LaunchScreen.storyboard */,
				367F2E7927182D4A0031F1CB /* Info.plist */,
				363054342718334900526CC1 /* GoogleService-Info.plist */,
			);
			path = firebaseTesting;
			sourceTree = "<group>";
		};
		76F75BB8065F07B6D6535D63 /* Frameworks */ = {
			isa = PBXGroup;
			children = (
				BB839E77135CE3901B394C28 /* Pods_firebaseTesting.framework */,
			);
			name = Frameworks;
			sourceTree = "<group>";
		};
		B1492D9943496B656D45E583 /* Pods */ = {
			isa = PBXGroup;
			children = (
				B3C91F9F6957434F87CB8C98 /* Pods-firebaseTesting.debug.xcconfig */,
				0220E4659EB3CB4430096E3C /* Pods-firebaseTesting.release.xcconfig */,
			);
			path = Pods;
			sourceTree = "<group>";
		};
/* End PBXGroup section */

/* Begin PBXNativeTarget section */
		367F2E6727182D490031F1CB /* firebaseTesting */ = {
			isa = PBXNativeTarget;
			buildConfigurationList = 367F2E7C27182D4A0031F1CB /* Build configuration list for PBXNativeTarget "firebaseTesting" */;
			buildPhases = (
				0B5B3937388F40DB1E5CFD81 /* [CP] Check Pods Manifest.lock */,
				367F2E6427182D490031F1CB /* Sources */,
				367F2E6527182D490031F1CB /* Frameworks */,
				367F2E6627182D490031F1CB /* Resources */,
				C81AF8405B79CD0F0D89EE90 /* [CP] Embed Pods Frameworks */,
			);
			buildRules = (
			);
			dependencies = (
			);
			name = firebaseTesting;
			productName = firebaseTesting;
			productReference = 367F2E6827182D490031F1CB /* firebaseTesting.app */;
			productType = "com.apple.product-type.application";
		};
/* End PBXNativeTarget section */

/* Begin PBXProject section */
		367F2E6027182D480031F1CB /* Project object */ = {
			isa = PBXProject;
			attributes = {
				BuildIndependentTargetsInParallel = 1;
				LastSwiftUpdateCheck = 1300;
				LastUpgradeCheck = 1300;
				TargetAttributes = {
					367F2E6727182D490031F1CB = {
						CreatedOnToolsVersion = 13.0;
					};
				};
			};
			buildConfigurationList = 367F2E6327182D480031F1CB /* Build configuration list for PBXProject "firebaseTesting" */;
			compatibilityVersion = "Xcode 13.0";
			developmentRegion = en;
			hasScannedForEncodings = 0;
			knownRegions = (
				en,
				Base,
			);
			mainGroup = 367F2E5F27182D480031F1CB;
			productRefGroup = 367F2E6927182D490031F1CB /* Products */;
			projectDirPath = "";
			projectRoot = "";
			targets = (
				367F2E6727182D490031F1CB /* firebaseTesting */,
			);
		};
/* End PBXProject section */

/* Begin PBXResourcesBuildPhase section */
		367F2E6627182D490031F1CB /* Resources */ = {
			isa = PBXResourcesBuildPhase;
			buildActionMask = 2147483647;
			files = (
				367F2E7827182D4A0031F1CB /* LaunchScreen.storyboard in Resources */,
				363054352718334900526CC1 /* GoogleService-Info.plist in Resources */,
				367F2E7527182D4A0031F1CB /* Assets.xcassets in Resources */,
				367F2E7327182D490031F1CB /* Main.storyboard in Resources */,
			);
			runOnlyForDeploymentPostprocessing = 0;
		};
/* End PBXResourcesBuildPhase section */

/* Begin PBXShellScriptBuildPhase section */
		0B5B3937388F40DB1E5CFD81 /* [CP] Check Pods Manifest.lock */ = {
			isa = PBXShellScriptBuildPhase;
			buildActionMask = 2147483647;
			files = (
			);
			inputFileListPaths = (
			);
			inputPaths = (
				"${PODS_PODFILE_DIR_PATH}/Podfile.lock",
				"${PODS_ROOT}/Manifest.lock",
			);
			name = "[CP] Check Pods Manifest.lock";
			outputFileListPaths = (
			);
			outputPaths = (
				"$(DERIVED_FILE_DIR)/Pods-firebaseTesting-checkManifestLockResult.txt",
			);
			runOnlyForDeploymentPostprocessing = 0;
			shellPath = /bin/sh;
			shellScript = "diff \"${PODS_PODFILE_DIR_PATH}/Podfile.lock\" \"${PODS_ROOT}/Manifest.lock\" > /dev/null\nif [ $? != 0 ] ; then\n    # print error to STDERR\n    echo \"error: The sandbox is not in sync with the Podfile.lock. Run 'pod install' or update your CocoaPods installation.\" >&2\n    exit 1\nfi\n# This output is used by Xcode 'outputs' to avoid re-running this script phase.\necho \"SUCCESS\" > \"${SCRIPT_OUTPUT_FILE_0}\"\n";
			showEnvVarsInLog = 0;
		};
		C81AF8405B79CD0F0D89EE90 /* [CP] Embed Pods Frameworks */ = {
			isa = PBXShellScriptBuildPhase;
			buildActionMask = 2147483647;
			files = (
			);
			inputFileListPaths = (
				"${PODS_ROOT}/Target Support Files/Pods-firebaseTesting/Pods-firebaseTesting-frameworks-${CONFIGURATION}-input-files.xcfilelist",
			);
			name = "[CP] Embed Pods Frameworks";
			outputFileListPaths = (
				"${PODS_ROOT}/Target Support Files/Pods-firebaseTesting/Pods-firebaseTesting-frameworks-${CONFIGURATION}-output-files.xcfilelist",
			);
			runOnlyForDeploymentPostprocessing = 0;
			shellPath = /bin/sh;
			shellScript = "\"${PODS_ROOT}/Target Support Files/Pods-firebaseTesting/Pods-firebaseTesting-frameworks.sh\"\n";
			showEnvVarsInLog = 0;
		};
/* End PBXShellScriptBuildPhase section */

/* Begin PBXSourcesBuildPhase section */
		367F2E6427182D490031F1CB /* Sources */ = {
			isa = PBXSourcesBuildPhase;
			buildActionMask = 2147483647;
			files = (
				36F33370271845A3003675CE /* APIManager.swift in Sources */,
				367F2E7027182D490031F1CB /* ViewController.swift in Sources */,
				367F2E6C27182D490031F1CB /* AppDelegate.swift in Sources */,
				367F2E6E27182D490031F1CB /* SceneDelegate.swift in Sources */,
				36F33372271846EA003675CE /* Document.swift in Sources */,
			);
			runOnlyForDeploymentPostprocessing = 0;
		};
/* End PBXSourcesBuildPhase section */

/* Begin PBXVariantGroup section */
		367F2E7127182D490031F1CB /* Main.storyboard */ = {
			isa = PBXVariantGroup;
			children = (
				367F2E7227182D490031F1CB /* Base */,
			);
			name = Main.storyboard;
			sourceTree = "<group>";
		};
		367F2E7627182D4A0031F1CB /* LaunchScreen.storyboard */ = {
			isa = PBXVariantGroup;
			children = (
				367F2E7727182D4A0031F1CB /* Base */,
			);
			name = LaunchScreen.storyboard;
			sourceTree = "<group>";
		};
/* End PBXVariantGroup section */

/* Begin XCBuildConfiguration section */
		367F2E7A27182D4A0031F1CB /* Debug */ = {
			isa = XCBuildConfiguration;
			buildSettings = {
				ALWAYS_SEARCH_USER_PATHS = NO;
				CLANG_ANALYZER_NONNULL = YES;
				CLANG_ANALYZER_NUMBER_OBJECT_CONVERSION = YES_AGGRESSIVE;
				CLANG_CXX_LANGUAGE_STANDARD = "gnu++17";
				CLANG_CXX_LIBRARY = "libc++";
				CLANG_ENABLE_MODULES = YES;
				CLANG_ENABLE_OBJC_ARC = YES;
				CLANG_ENABLE_OBJC_WEAK = YES;
				CLANG_WARN_BLOCK_CAPTURE_AUTORELEASING = YES;
				CLANG_WARN_BOOL_CONVERSION = YES;
				CLANG_WARN_COMMA = YES;
				CLANG_WARN_CONSTANT_CONVERSION = YES;
				CLANG_WARN_DEPRECATED_OBJC_IMPLEMENTATIONS = YES;
				CLANG_WARN_DIRECT_OBJC_ISA_USAGE = YES_ERROR;
				CLANG_WARN_DOCUMENTATION_COMMENTS = YES;
				CLANG_WARN_EMPTY_BODY = YES;
				CLANG_WARN_ENUM_CONVERSION = YES;
				CLANG_WARN_INFINITE_RECURSION = YES;
				CLANG_WARN_INT_CONVERSION = YES;
				CLANG_WARN_NON_LITERAL_NULL_CONVERSION = YES;
				CLANG_WARN_OBJC_IMPLICIT_RETAIN_SELF = YES;
				CLANG_WARN_OBJC_LITERAL_CONVERSION = YES;
				CLANG_WARN_OBJC_ROOT_CLASS = YES_ERROR;
				CLANG_WARN_QUOTED_INCLUDE_IN_FRAMEWORK_HEADER = YES;
				CLANG_WARN_RANGE_LOOP_ANALYSIS = YES;
				CLANG_WARN_STRICT_PROTOTYPES = YES;
				CLANG_WARN_SUSPICIOUS_MOVE = YES;
				CLANG_WARN_UNGUARDED_AVAILABILITY = YES_AGGRESSIVE;
				CLANG_WARN_UNREACHABLE_CODE = YES;
				CLANG_WARN__DUPLICATE_METHOD_MATCH = YES;
				COPY_PHASE_STRIP = NO;
				DEBUG_INFORMATION_FORMAT = dwarf;
				ENABLE_STRICT_OBJC_MSGSEND = YES;
				ENABLE_TESTABILITY = YES;
				GCC_C_LANGUAGE_STANDARD = gnu11;
				GCC_DYNAMIC_NO_PIC = NO;
				GCC_NO_COMMON_BLOCKS = YES;
				GCC_OPTIMIZATION_LEVEL = 0;
				GCC_PREPROCESSOR_DEFINITIONS = (
					"DEBUG=1",
					"$(inherited)",
				);
				GCC_WARN_64_TO_32_BIT_CONVERSION = YES;
				GCC_WARN_ABOUT_RETURN_TYPE = YES_ERROR;
				GCC_WARN_UNDECLARED_SELECTOR = YES;
				GCC_WARN_UNINITIALIZED_AUTOS = YES_AGGRESSIVE;
				GCC_WARN_UNUSED_FUNCTION = YES;
				GCC_WARN_UNUSED_VARIABLE = YES;
				IPHONEOS_DEPLOYMENT_TARGET = 15.0;
				MTL_ENABLE_DEBUG_INFO = INCLUDE_SOURCE;
				MTL_FAST_MATH = YES;
				ONLY_ACTIVE_ARCH = YES;
				SDKROOT = iphoneos;
				SWIFT_ACTIVE_COMPILATION_CONDITIONS = DEBUG;
				SWIFT_OPTIMIZATION_LEVEL = "-Onone";
			};
			name = Debug;
		};
		367F2E7B27182D4A0031F1CB /* Release */ = {
			isa = XCBuildConfiguration;
			buildSettings = {
				ALWAYS_SEARCH_USER_PATHS = NO;
				CLANG_ANALYZER_NONNULL = YES;
				CLANG_ANALYZER_NUMBER_OBJECT_CONVERSION = YES_AGGRESSIVE;
				CLANG_CXX_LANGUAGE_STANDARD = "gnu++17";
				CLANG_CXX_LIBRARY = "libc++";
				CLANG_ENABLE_MODULES = YES;
				CLANG_ENABLE_OBJC_ARC = YES;
				CLANG_ENABLE_OBJC_WEAK = YES;
				CLANG_WARN_BLOCK_CAPTURE_AUTORELEASING = YES;
				CLANG_WARN_BOOL_CONVERSION = YES;
				CLANG_WARN_COMMA = YES;
				CLANG_WARN_CONSTANT_CONVERSION = YES;
				CLANG_WARN_DEPRECATED_OBJC_IMPLEMENTATIONS = YES;
				CLANG_WARN_DIRECT_OBJC_ISA_USAGE = YES_ERROR;
				CLANG_WARN_DOCUMENTATION_COMMENTS = YES;
				CLANG_WARN_EMPTY_BODY = YES;
				CLANG_WARN_ENUM_CONVERSION = YES;
				CLANG_WARN_INFINITE_RECURSION = YES;
				CLANG_WARN_INT_CONVERSION = YES;
				CLANG_WARN_NON_LITERAL_NULL_CONVERSION = YES;
				CLANG_WARN_OBJC_IMPLICIT_RETAIN_SELF = YES;
				CLANG_WARN_OBJC_LITERAL_CONVERSION = YES;
				CLANG_WARN_OBJC_ROOT_CLASS = YES_ERROR;
				CLANG_WARN_QUOTED_INCLUDE_IN_FRAMEWORK_HEADER = YES;
				CLANG_WARN_RANGE_LOOP_ANALYSIS = YES;
				CLANG_WARN_STRICT_PROTOTYPES = YES;
				CLANG_WARN_SUSPICIOUS_MOVE = YES;
				CLANG_WARN_UNGUARDED_AVAILABILITY = YES_AGGRESSIVE;
				CLANG_WARN_UNREACHABLE_CODE = YES;
				CLANG_WARN__DUPLICATE_METHOD_MATCH = YES;
				COPY_PHASE_STRIP = NO;
				DEBUG_INFORMATION_FORMAT = "dwarf-with-dsym";
				ENABLE_NS_ASSERTIONS = NO;
				ENABLE_STRICT_OBJC_MSGSEND = YES;
				GCC_C_LANGUAGE_STANDARD = gnu11;
				GCC_NO_COMMON_BLOCKS = YES;
				GCC_WARN_64_TO_32_BIT_CONVERSION = YES;
				GCC_WARN_ABOUT_RETURN_TYPE = YES_ERROR;
				GCC_WARN_UNDECLARED_SELECTOR = YES;
				GCC_WARN_UNINITIALIZED_AUTOS = YES_AGGRESSIVE;
				GCC_WARN_UNUSED_FUNCTION = YES;
				GCC_WARN_UNUSED_VARIABLE = YES;
				IPHONEOS_DEPLOYMENT_TARGET = 15.0;
				MTL_ENABLE_DEBUG_INFO = NO;
				MTL_FAST_MATH = YES;
				SDKROOT = iphoneos;
				SWIFT_COMPILATION_MODE = wholemodule;
				SWIFT_OPTIMIZATION_LEVEL = "-O";
				VALIDATE_PRODUCT = YES;
			};
			name = Release;
		};
		367F2E7D27182D4A0031F1CB /* Debug */ = {
			isa = XCBuildConfiguration;
			baseConfigurationReference = B3C91F9F6957434F87CB8C98 /* Pods-firebaseTesting.debug.xcconfig */;
			buildSettings = {
				ASSETCATALOG_COMPILER_APPICON_NAME = AppIcon;
				ASSETCATALOG_COMPILER_GLOBAL_ACCENT_COLOR_NAME = AccentColor;
				CODE_SIGN_STYLE = Automatic;
				CURRENT_PROJECT_VERSION = 1;
				GENERATE_INFOPLIST_FILE = YES;
				INFOPLIST_FILE = firebaseTesting/Info.plist;
				INFOPLIST_KEY_UIApplicationSupportsIndirectInputEvents = YES;
				INFOPLIST_KEY_UILaunchStoryboardName = LaunchScreen;
				INFOPLIST_KEY_UIMainStoryboardFile = Main;
				INFOPLIST_KEY_UISupportedInterfaceOrientations_iPad = "UIInterfaceOrientationPortrait UIInterfaceOrientationPortraitUpsideDown UIInterfaceOrientationLandscapeLeft UIInterfaceOrientationLandscapeRight";
				INFOPLIST_KEY_UISupportedInterfaceOrientations_iPhone = "UIInterfaceOrientationPortrait UIInterfaceOrientationLandscapeLeft UIInterfaceOrientationLandscapeRight";
				LD_RUNPATH_SEARCH_PATHS = (
					"$(inherited)",
					"@executable_path/Frameworks",
				);
				MARKETING_VERSION = 1.0;
				PRODUCT_BUNDLE_IDENTIFIER = ru.Swiftbook.firebaseTesting;
				PRODUCT_NAME = "$(TARGET_NAME)";
				SWIFT_EMIT_LOC_STRINGS = YES;
				SWIFT_VERSION = 5.0;
				TARGETED_DEVICE_FAMILY = 1;
			};
			name = Debug;
		};
		367F2E7E27182D4A0031F1CB /* Release */ = {
			isa = XCBuildConfiguration;
			baseConfigurationReference = 0220E4659EB3CB4430096E3C /* Pods-firebaseTesting.release.xcconfig */;
			buildSettings = {
				ASSETCATALOG_COMPILER_APPICON_NAME = AppIcon;
				ASSETCATALOG_COMPILER_GLOBAL_ACCENT_COLOR_NAME = AccentColor;
				CODE_SIGN_STYLE = Automatic;
				CURRENT_PROJECT_VERSION = 1;
				GENERATE_INFOPLIST_FILE = YES;
				INFOPLIST_FILE = firebaseTesting/Info.plist;
				INFOPLIST_KEY_UIApplicationSupportsIndirectInputEvents = YES;
				INFOPLIST_KEY_UILaunchStoryboardName = LaunchScreen;
				INFOPLIST_KEY_UIMainStoryboardFile = Main;
				INFOPLIST_KEY_UISupportedInterfaceOrientations_iPad = "UIInterfaceOrientationPortrait UIInterfaceOrientationPortraitUpsideDown UIInterfaceOrientationLandscapeLeft UIInterfaceOrientationLandscapeRight";
				INFOPLIST_KEY_UISupportedInterfaceOrientations_iPhone = "UIInterfaceOrientationPortrait UIInterfaceOrientationLandscapeLeft UIInterfaceOrientationLandscapeRight";
				LD_RUNPATH_SEARCH_PATHS = (
					"$(inherited)",
					"@executable_path/Frameworks",
				);
				MARKETING_VERSION = 1.0;
				PRODUCT_BUNDLE_IDENTIFIER = ru.Swiftbook.firebaseTesting;
				PRODUCT_NAME = "$(TARGET_NAME)";
				SWIFT_EMIT_LOC_STRINGS = YES;
				SWIFT_VERSION = 5.0;
				TARGETED_DEVICE_FAMILY = 1;
			};
			name = Release;
		};
/* End XCBuildConfiguration section */

/* Begin XCConfigurationList section */
		367F2E6327182D480031F1CB /* Build configuration list for PBXProject "firebaseTesting" */ = {
			isa = XCConfigurationList;
			buildConfigurations = (
				367F2E7A27182D4A0031F1CB /* Debug */,
				367F2E7B27182D4A0031F1CB /* Release */,
			);
			defaultConfigurationIsVisible = 0;
			defaultConfigurationName = Release;
		};
		367F2E7C27182D4A0031F1CB /* Build configuration list for PBXNativeTarget "firebaseTesting" */ = {
			isa = XCConfigurationList;
			buildConfigurations = (
				367F2E7D27182D4A0031F1CB /* Debug */,
				367F2E7E27182D4A0031F1CB /* Release */,
			);
			defaultConfigurationIsVisible = 0;
			defaultConfigurationName = Release;
		};
/* End XCConfigurationList section */
	};
	rootObject = 367F2E6027182D480031F1CB /* Project object */;
}
